
Microsoft Visual Studio Solution File, Format Version 12.00
# Visual Studio Version 16
VisualStudioVersion = 16.0.31105.61
MinimumVisualStudioVersion = 10.0.40219.1
Project("{FAE04EC0-301F-11D3-BF4B-00C04F79EFBC}") = "FileUpload", "FileUpload.csproj", "{7F89B905-274A-45DE-B4E4-6628056AA948}"
EndProject
Global
	GlobalSection(SolutionConfigurationPlatforms) = preSolution
		Debug|Any CPU = Debug|Any CPU
		Release|Any CPU = Release|Any CPU
	EndGlobalSection
	GlobalSection(ProjectConfigurationPlatforms) = postSolution
		{7F89B905-274A-45DE-B4E4-6628056AA948}.Debug|Any CPU.ActiveCfg = Debug|Any CPU
		{7F89B905-274A-45DE-B4E4-6628056AA948}.Debug|Any CPU.Build.0 = Debug|Any CPU
		{7F89B905-274A-45DE-B4E4-6628056AA948}.Release|Any CPU.ActiveCfg = Release|Any CPU
		{7F89B905-274A-45DE-B4E4-6628056AA948}.Release|Any CPU.Build.0 = Release|Any CPU
	EndGlobalSection
	GlobalSection(SolutionProperties) = preSolution
		HideSolutionNode = FALSE
	EndGlobalSection
	GlobalSection(ExtensibilityGlobals) = postSolution
		SolutionGuid = {0DC2FEC3-D1A3-4D43-ADED-78BC0C00EB50}
	EndGlobalSection
EndGlobal
